
Microsoft Visual Studio Solution File, Format Version 12.00
# Visual Studio Version 17
VisualStudioVersion = 17.0.31903.59
MinimumVisualStudioVersion = 10.0.40219.1
Project("{FAE04EC0-301F-11D3-BF4B-00C04F79EFBC}") = "ConsoleUI", "ConsoleUI\ConsoleUI.csproj", "{C2C99753-ADE1-47F8-91CD-D383F01DADDD}"
EndProject
Project("{FAE04EC0-301F-11D3-BF4B-00C04F79EFBC}") = "DemoLib", "DemoLib\DemoLib.csproj", "{624225A7-725F-48DF-B0B2-E3B0B0617EB4}"
EndProject
Global
	GlobalSection(SolutionConfigurationPlatforms) = preSolution
		Debug|Any CPU = Debug|Any CPU
		Release|Any CPU = Release|Any CPU
	EndGlobalSection
	GlobalSection(SolutionProperties) = preSolution
		HideSolutionNode = FALSE
	EndGlobalSection
	GlobalSection(ProjectConfigurationPlatforms) = postSolution
		{C2C99753-ADE1-47F8-91CD-D383F01DADDD}.Debug|Any CPU.ActiveCfg = Debug|Any CPU
		{C2C99753-ADE1-47F8-91CD-D383F01DADDD}.Debug|Any CPU.Build.0 = Debug|Any CPU
		{C2C99753-ADE1-47F8-91CD-D383F01DADDD}.Release|Any CPU.ActiveCfg = Release|Any CPU
		{C2C99753-ADE1-47F8-91CD-D383F01DADDD}.Release|Any CPU.Build.0 = Release|Any CPU
		{624225A7-725F-48DF-B0B2-E3B0B0617EB4}.Debug|Any CPU.ActiveCfg = Debug|Any CPU
		{624225A7-725F-48DF-B0B2-E3B0B0617EB4}.Debug|Any CPU.Build.0 = Debug|Any CPU
		{624225A7-725F-48DF-B0B2-E3B0B0617EB4}.Release|Any CPU.ActiveCfg = Release|Any CPU
		{624225A7-725F-48DF-B0B2-E3B0B0617EB4}.Release|Any CPU.Build.0 = Release|Any CPU
	EndGlobalSection
EndGlobal
